// !$*UTF8*$!
{
	archiveVersion = 1;
	classes = {
	};
	objectVersion = 46;
	objects = {

/* Begin PBXBuildFile section */
		4DC112A71C73DF7D006026F2 /* main.m in Sources */ = {isa = PBXBuildFile; fileRef = 4DC112A61C73DF7D006026F2 /* main.m */; };
		4DC112AA1C73DF7D006026F2 /* AppDelegate.m in Sources */ = {isa = PBXBuildFile; fileRef = 4DC112A91C73DF7D006026F2 /* AppDelegate.m */; };
		4DC112AD1C73DF7F006026F2 /* Hello_World.xcdatamodeld in Sources */ = {isa = PBXBuildFile; fileRef = 4DC112AB1C73DF7E006026F2 /* Hello_World.xcdatamodeld */; };
		4DC112B01C73DF7F006026F2 /* ViewController.m in Sources */ = {isa = PBXBuildFile; fileRef = 4DC112AF1C73DF7F006026F2 /* ViewController.m */; };
		4DC112B31C73DF80006026F2 /* Main.storyboard in Resources */ = {isa = PBXBuildFile; fileRef = 4DC112B11C73DF80006026F2 /* Main.storyboard */; };
		4DC112B51C73DF80006026F2 /* Images.xcassets in Resources */ = {isa = PBXBuildFile; fileRef = 4DC112B41C73DF80006026F2 /* Images.xcassets */; };
		4DC112B81C73DF80006026F2 /* LaunchScreen.xib in Resources */ = {isa = PBXBuildFile; fileRef = 4DC112B61C73DF80006026F2 /* LaunchScreen.xib */; };
		4DC112C41C73DF8A006026F2 /* Hello_WorldTests.m in Sources */ = {isa = PBXBuildFile; fileRef = 4DC112C31C73DF8A006026F2 /* Hello_WorldTests.m */; };
/* End PBXBuildFile section */

/* Begin PBXContainerItemProxy section */
		4DC112BE1C73DF89006026F2 /* PBXContainerItemProxy */ = {
			isa = PBXContainerItemProxy;
			containerPortal = 4DC112991C73DF7B006026F2 /* Project object */;
			proxyType = 1;
			remoteGlobalIDString = 4DC112A01C73DF7C006026F2;
			remoteInfo = "Hello World";
		};
/* End PBXContainerItemProxy section */

/* Begin PBXFileReference section */
		4DC112A11C73DF7C006026F2 /* Hello World.app */ = {isa = PBXFileReference; explicitFileType = wrapper.application; includeInIndex = 0; path = "Hello World.app"; sourceTree = BUILT_PRODUCTS_DIR; };
		4DC112A51C73DF7D006026F2 /* Info.plist */ = {isa = PBXFileReference; lastKnownFileType = text.plist.xml; path = Info.plist; sourceTree = "<group>"; };
		4DC112A61C73DF7D006026F2 /* main.m */ = {isa = PBXFileReference; lastKnownFileType = sourcecode.c.objc; path = main.m; sourceTree = "<group>"; };
		4DC112A81C73DF7D006026F2 /* AppDelegate.h */ = {isa = PBXFileReference; lastKnownFileType = sourcecode.c.h; path = AppDelegate.h; sourceTree = "<group>"; };
		4DC112A91C73DF7D006026F2 /* AppDelegate.m */ = {isa = PBXFileReference; lastKnownFileType = sourcecode.c.objc; path = AppDelegate.m; sourceTree = "<group>"; };
		4DC112AC1C73DF7E006026F2 /* Hello_World.xcdatamodel */ = {isa = PBXFileReference; lastKnownFileType = wrapper.xcdatamodel; path = Hello_World.xcdatamodel; sourceTree = "<group>"; };
		4DC112AE1C73DF7F006026F2 /* ViewController.h */ = {isa = PBXFileReference; lastKnownFileType = sourcecode.c.h; path = ViewController.h; sourceTree = "<group>"; };
		4DC112AF1C73DF7F006026F2 /* ViewController.m */ = {isa = PBXFileReference; lastKnownFileType = sourcecode.c.objc; path = ViewController.m; sourceTree = "<group>"; };
		4DC112B21C73DF80006026F2 /* Base */ = {isa = PBXFileReference; lastKnownFileType = file.storyboard; name = Base; path = Base.lproj/Main.storyboard; sourceTree = "<group>"; };
		4DC112B41C73DF80006026F2 /* Images.xcassets */ = {isa = PBXFileReference; lastKnownFileType = folder.assetcatalog; path = Images.xcassets; sourceTree = "<group>"; };
		4DC112B71C73DF80006026F2 /* Base */ = {isa = PBXFileReference; lastKnownFileType = file.xib; name = Base; path = Base.lproj/LaunchScreen.xib; sourceTree = "<group>"; };
		4DC112BD1C73DF89006026F2 /* Hello WorldTests.xctest */ = {isa = PBXFileReference; explicitFileType = wrapper.cfbundle; includeInIndex = 0; path = "Hello WorldTests.xctest"; sourceTree = BUILT_PRODUCTS_DIR; };
		4DC112C21C73DF8A006026F2 /* Info.plist */ = {isa = PBXFileReference; lastKnownFileType = text.plist.xml; path = Info.plist; sourceTree = "<group>"; };
		4DC112C31C73DF8A006026F2 /* Hello_WorldTests.m */ = {isa = PBXFileReference; lastKnownFileType = sourcecode.c.objc; path = Hello_WorldTests.m; sourceTree = "<group>"; };
/* End PBXFileReference section */

/* Begin PBXFrameworksBuildPhase section */
		4DC1129E1C73DF7C006026F2 /* Frameworks */ = {
			isa = PBXFrameworksBuildPhase;
			buildActionMask = 2147483647;
			files = (
			);
			runOnlyForDeploymentPostprocessing = 0;
		};
		4DC112BA1C73DF89006026F2 /* Frameworks */ = {
			isa = PBXFrameworksBuildPhase;
			buildActionMask = 2147483647;
			files = (
			);
			runOnlyForDeploymentPostprocessing = 0;
		};
/* End PBXFrameworksBuildPhase section */

/* Begin PBXGroup section */
		4DC112981C73DF7B006026F2 = {
			isa = PBXGroup;
			children = (
				4DC112A31C73DF7C006026F2 /* Hello World */,
				4DC112C01C73DF89006026F2 /* Hello WorldTests */,
				4DC112A21C73DF7C006026F2 /* Products */,
			);
			sourceTree = "<group>";
		};
		4DC112A21C73DF7C006026F2 /* Products */ = {
			isa = PBXGroup;
			children = (
				4DC112A11C73DF7C006026F2 /* Hello World.app */,
				4DC112BD1C73DF89006026F2 /* Hello WorldTests.xctest */,
			);
			name = Products;
			sourceTree = "<group>";
		};
		4DC112A31C73DF7C006026F2 /* Hello World */ = {
			isa = PBXGroup;
			children = (
				4DC112A81C73DF7D006026F2 /* AppDelegate.h */,
				4DC112A91C73DF7D006026F2 /* AppDelegate.m */,
				4DC112AE1C73DF7F006026F2 /* ViewController.h */,
				4DC112AF1C73DF7F006026F2 /* ViewController.m */,
				4DC112B11C73DF80006026F2 /* Main.storyboard */,
				4DC112B41C73DF80006026F2 /* Images.xcassets */,
				4DC112B61C73DF80006026F2 /* LaunchScreen.xib */,
				4DC112AB1C73DF7E006026F2 /* Hello_World.xcdatamodeld */,
				4DC112A41C73DF7C006026F2 /* Supporting Files */,
			);
			path = "Hello World";
			sourceTree = "<group>";
		};
		4DC112A41C73DF7C006026F2 /* Supporting Files */ = {
			isa = PBXGroup;
			children = (
				4DC112A51C73DF7D006026F2 /* Info.plist */,
				4DC112A61C73DF7D006026F2 /* main.m */,
			);
			name = "Supporting Files";
			sourceTree = "<group>";
		};
		4DC112C01C73DF89006026F2 /* Hello WorldTests */ = {
			isa = PBXGroup;
			children = (
				4DC112C31C73DF8A006026F2 /* Hello_WorldTests.m */,
				4DC112C11C73DF8A006026F2 /* Supporting Files */,
			);
			path = "Hello WorldTests";
			sourceTree = "<group>";
		};
		4DC112C11C73DF8A006026F2 /* Supporting Files */ = {
			isa = PBXGroup;
			children = (
				4DC112C21C73DF8A006026F2 /* Info.plist */,
			);
			name = "Supporting Files";
			sourceTree = "<group>";
		};
/* End PBXGroup section */

/* Begin PBXNativeTarget section */
		4DC112A01C73DF7C006026F2 /* Hello World */ = {
			isa = PBXNativeTarget;
			buildConfigurationList = 4DC112C71C73DF8A006026F2 /* Build configuration list for PBXNativeTarget "Hello World" */;
			buildPhases = (
				4DC1129D1C73DF7C006026F2 /* Sources */,
				4DC1129E1C73DF7C006026F2 /* Frameworks */,
				4DC1129F1C73DF7C006026F2 /* Resources */,
			);
			buildRules = (
			);
			dependencies = (
			);
			name = "Hello World";
			productName = "Hello World";
			productReference = 4DC112A11C73DF7C006026F2 /* Hello World.app */;
			productType = "com.apple.product-type.application";
		};
		4DC112BC1C73DF89006026F2 /* Hello WorldTests */ = {
			isa = PBXNativeTarget;
			buildConfigurationList = 4DC112CA1C73DF8A006026F2 /* Build configuration list for PBXNativeTarget "Hello WorldTests" */;
			buildPhases = (
				4DC112B91C73DF89006026F2 /* Sources */,
				4DC112BA1C73DF89006026F2 /* Frameworks */,
				4DC112BB1C73DF89006026F2 /* Resources */,
			);
			buildRules = (
			);
			dependencies = (
				4DC112BF1C73DF89006026F2 /* PBXTargetDependency */,
			);
			name = "Hello WorldTests";
			productName = "Hello WorldTests";
			productReference = 4DC112BD1C73DF89006026F2 /* Hello WorldTests.xctest */;
			productType = "com.apple.product-type.bundle.unit-test";
		};
/* End PBXNativeTarget section */

/* Begin PBXProject section */
		4DC112991C73DF7B006026F2 /* Project object */ = {
			isa = PBXProject;
			attributes = {
				LastUpgradeCheck = 0630;
				ORGANIZATIONNAME = "Riley Fewell";
				TargetAttributes = {
					4DC112A01C73DF7C006026F2 = {
						CreatedOnToolsVersion = 6.3;
					};
					4DC112BC1C73DF89006026F2 = {
						CreatedOnToolsVersion = 6.3;
						TestTargetID = 4DC112A01C73DF7C006026F2;
					};
				};
			};
			buildConfigurationList = 4DC1129C1C73DF7B006026F2 /* Build configuration list for PBXProject "Hello World" */;
			compatibilityVersion = "Xcode 3.2";
			developmentRegion = English;
			hasScannedForEncodings = 0;
			knownRegions = (
				en,
				Base,
			);
			mainGroup = 4DC112981C73DF7B006026F2;
			productRefGroup = 4DC112A21C73DF7C006026F2 /* Products */;
			projectDirPath = "";
			projectRoot = "";
			targets = (
				4DC112A01C73DF7C006026F2 /* Hello World */,
				4DC112BC1C73DF89006026F2 /* Hello WorldTests */,
			);
		};
/* End PBXProject section */

/* Begin PBXResourcesBuildPhase section */
		4DC1129F1C73DF7C006026F2 /* Resources */ = {
			isa = PBXResourcesBuildPhase;
			buildActionMask = 2147483647;
			files = (
				4DC112B31C73DF80006026F2 /* Main.storyboard in Resources */,
				4DC112B81C73DF80006026F2 /* LaunchScreen.xib in Resources */,
				4DC112B51C73DF80006026F2 /* Images.xcassets in Resources */,
			);
			runOnlyForDeploymentPostprocessing = 0;
		};
		4DC112BB1C73DF89006026F2 /* Resources */ = {
			isa = PBXResourcesBuildPhase;
			buildActionMask = 2147483647;
			files = (
			);
			runOnlyForDeploymentPostprocessing = 0;
		};
/* End PBXResourcesBuildPhase section */

/* Begin PBXSourcesBuildPhase section */
		4DC1129D1C73DF7C006026F2 /* Sources */ = {
			isa = PBXSourcesBuildPhase;
			buildActionMask = 2147483647;
			files = (
				4DC112AD1C73DF7F006026F2 /* Hello_World.xcdatamodeld in Sources */,
				4DC112AA1C73DF7D006026F2 /* AppDelegate.m in Sources */,
				4DC112B01C73DF7F006026F2 /* ViewController.m in Sources */,
				4DC112A71C73DF7D006026F2 /* main.m in Sources */,
			);
			runOnlyForDeploymentPostprocessing = 0;
		};
		4DC112B91C73DF89006026F2 /* Sources */ = {
			isa = PBXSourcesBuildPhase;
			buildActionMask = 2147483647;
			files = (
				4DC112C41C73DF8A006026F2 /* Hello_WorldTests.m in Sources */,
			);
			runOnlyForDeploymentPostprocessing = 0;
		};
/* End PBXSourcesBuildPhase section */

/* Begin PBXTargetDependency section */
		4DC112BF1C73DF89006026F2 /* PBXTargetDependency */ = {
			isa = PBXTargetDependency;
			target = 4DC112A01C73DF7C006026F2 /* Hello World */;
			targetProxy = 4DC112BE1C73DF89006026F2 /* PBXContainerItemProxy */;
		};
/* End PBXTargetDependency section */

/* Begin PBXVariantGroup section */
		4DC112B11C73DF80006026F2 /* Main.storyboard */ = {
			isa = PBXVariantGroup;
			children = (
				4DC112B21C73DF80006026F2 /* Base */,
			);
			name = Main.storyboard;
			sourceTree = "<group>";
		};
		4DC112B61C73DF80006026F2 /* LaunchScreen.xib */ = {
			isa = PBXVariantGroup;
			children = (
				4DC112B71C73DF80006026F2 /* Base */,
			);
			name = LaunchScreen.xib;
			sourceTree = "<group>";
		};
/* End PBXVariantGroup section */

/* Begin XCBuildConfiguration section */
		4DC112C51C73DF8A006026F2 /* Debug */ = {
			isa = XCBuildConfiguration;
			buildSettings = {
				ALWAYS_SEARCH_USER_PATHS = NO;
				CLANG_CXX_LANGUAGE_STANDARD = "gnu++0x";
				CLANG_CXX_LIBRARY = "libc++";
				CLANG_ENABLE_MODULES = YES;
				CLANG_ENABLE_OBJC_ARC = YES;
				CLANG_WARN_BOOL_CONVERSION = YES;
				CLANG_WARN_CONSTANT_CONVERSION = YES;
				CLANG_WARN_DIRECT_OBJC_ISA_USAGE = YES_ERROR;
				CLANG_WARN_EMPTY_BODY = YES;
				CLANG_WARN_ENUM_CONVERSION = YES;
				CLANG_WARN_INT_CONVERSION = YES;
				CLANG_WARN_OBJC_ROOT_CLASS = YES_ERROR;
				CLANG_WARN_UNREACHABLE_CODE = YES;
				CLANG_WARN__DUPLICATE_METHOD_MATCH = YES;
				"CODE_SIGN_IDENTITY[sdk=iphoneos*]" = "iPhone Developer";
				COPY_PHASE_STRIP = NO;
				DEBUG_INFORMATION_FORMAT = "dwarf-with-dsym";
				ENABLE_STRICT_OBJC_MSGSEND = YES;
				GCC_C_LANGUAGE_STANDARD = gnu99;
				GCC_DYNAMIC_NO_PIC = NO;
				GCC_NO_COMMON_BLOCKS = YES;
				GCC_OPTIMIZATION_LEVEL = 0;
				GCC_PREPROCESSOR_DEFINITIONS = (
					"DEBUG=1",
					"$(inherited)",
				);
				GCC_SYMBOLS_PRIVATE_EXTERN = NO;
				GCC_WARN_64_TO_32_BIT_CONVERSION = YES;
				GCC_WARN_ABOUT_RETURN_TYPE = YES_ERROR;
				GCC_WARN_UNDECLARED_SELECTOR = YES;
				GCC_WARN_UNINITIALIZED_AUTOS = YES_AGGRESSIVE;
				GCC_WARN_UNUSED_FUNCTION = YES;
				GCC_WARN_UNUSED_VARIABLE = YES;
				IPHONEOS_DEPLOYMENT_TARGET = 8.3;
				MTL_ENABLE_DEBUG_INFO = YES;
				ONLY_ACTIVE_ARCH = YES;
				SDKROOT = iphoneos;
			};
			name = Debug;
		};
		4DC112C61C73DF8A006026F2 /* Release */ = {
			isa = XCBuildConfiguration;
			buildSettings = {
				ALWAYS_SEARCH_USER_PATHS = NO;
				CLANG_CXX_LANGUAGE_STANDARD = "gnu++0x";
				CLANG_CXX_LIBRARY = "libc++";
				CLANG_ENABLE_MODULES = YES;
				CLANG_ENABLE_OBJC_ARC = YES;
				CLANG_WARN_BOOL_CONVERSION = YES;
				CLANG_WARN_CONSTANT_CONVERSION = YES;
				CLANG_WARN_DIRECT_OBJC_ISA_USAGE = YES_ERROR;
				CLANG_WARN_EMPTY_BODY = YES;
				CLANG_WARN_ENUM_CONVERSION = YES;
				CLANG_WARN_INT_CONVERSION = YES;
				CLANG_WARN_OBJC_ROOT_CLASS = YES_ERROR;
				CLANG_WARN_UNREACHABLE_CODE = YES;
				CLANG_WARN__DUPLICATE_METHOD_MATCH = YES;
				"CODE_SIGN_IDENTITY[sdk=iphoneos*]" = "iPhone Developer";
				COPY_PHASE_STRIP = NO;
				DEBUG_INFORMATION_FORMAT = "dwarf-with-dsym";
				ENABLE_NS_ASSERTIONS = NO;
				ENABLE_STRICT_OBJC_MSGSEND = YES;
				GCC_C_LANGUAGE_STANDARD = gnu99;
				GCC_NO_COMMON_BLOCKS = YES;
				GCC_WARN_64_TO_32_BIT_CONVERSION = YES;
				GCC_WARN_ABOUT_RETURN_TYPE = YES_ERROR;
				GCC_WARN_UNDECLARED_SELECTOR = YES;
				GCC_WARN_UNINITIALIZED_AUTOS = YES_AGGRESSIVE;
				GCC_WARN_UNUSED_FUNCTION = YES;
				GCC_WARN_UNUSED_VARIABLE = YES;
				IPHONEOS_DEPLOYMENT_TARGET = 8.3;
				MTL_ENABLE_DEBUG_INFO = NO;
				SDKROOT = iphoneos;
				VALIDATE_PRODUCT = YES;
			};
			name = Release;
		};
		4DC112C81C73DF8A006026F2 /* Debug */ = {
			isa = XCBuildConfiguration;
			buildSettings = {
				ASSETCATALOG_COMPILER_APPICON_NAME = AppIcon;
				INFOPLIST_FILE = "Hello World/Info.plist";
				LD_RUNPATH_SEARCH_PATHS = "$(inherited) @executable_path/Frameworks";
				PRODUCT_NAME = "$(TARGET_NAME)";
			};
			name = Debug;
		};
		4DC112C91C73DF8A006026F2 /* Release */ = {
			isa = XCBuildConfiguration;
			buildSettings = {
				ASSETCATALOG_COMPILER_APPICON_NAME = AppIcon;
				INFOPLIST_FILE = "Hello World/Info.plist";
				LD_RUNPATH_SEARCH_PATHS = "$(inherited) @executable_path/Frameworks";
				PRODUCT_NAME = "$(TARGET_NAME)";
			};
			name = Release;
		};
		4DC112CB1C73DF8A006026F2 /* Debug */ = {
			isa = XCBuildConfiguration;
			buildSettings = {
				BUNDLE_LOADER = "$(TEST_HOST)";
				FRAMEWORK_SEARCH_PATHS = (
					"$(SDKROOT)/Developer/Library/Frameworks",
					"$(inherited)",
				);
				GCC_PREPROCESSOR_DEFINITIONS = (
					"DEBUG=1",
					"$(inherited)",
				);
				INFOPLIST_FILE = "Hello WorldTests/Info.plist";
				LD_RUNPATH_SEARCH_PATHS = "$(inherited) @executable_path/Frameworks @loader_path/Frameworks";
				PRODUCT_NAME = "$(TARGET_NAME)";
				TEST_HOST = "$(BUILT_PRODUCTS_DIR)/Hello World.app/Hello World";
			};
			name = Debug;
		};
		4DC112CC1C73DF8A006026F2 /* Release */ = {
			isa = XCBuildConfiguration;
			buildSettings = {
				BUNDLE_LOADER = "$(TEST_HOST)";
				FRAMEWORK_SEARCH_PATHS = (
					"$(SDKROOT)/Developer/Library/Frameworks",
					"$(inherited)",
				);
				INFOPLIST_FILE = "Hello WorldTests/Info.plist";
				LD_RUNPATH_SEARCH_PATHS = "$(inherited) @executable_path/Frameworks @loader_path/Frameworks";
				PRODUCT_NAME = "$(TARGET_NAME)";
				TEST_HOST = "$(BUILT_PRODUCTS_DIR)/Hello World.app/Hello World";
			};
			name = Release;
		};
/* End XCBuildConfiguration section */

/* Begin XCConfigurationList section */
		4DC1129C1C73DF7B006026F2 /* Build configuration list for PBXProject "Hello World" */ = {
			isa = XCConfigurationList;
			buildConfigurations = (
				4DC112C51C73DF8A006026F2 /* Debug */,
				4DC112C61C73DF8A006026F2 /* Release */,
			);
			defaultConfigurationIsVisible = 0;
			defaultConfigurationName = Release;
		};
		4DC112C71C73DF8A006026F2 /* Build configuration list for PBXNativeTarget "Hello World" */ = {
			isa = XCConfigurationList;
			buildConfigurations = (
				4DC112C81C73DF8A006026F2 /* Debug */,
				4DC112C91C73DF8A006026F2 /* Release */,
			);
			defaultConfigurationIsVisible = 0;
		};
		4DC112CA1C73DF8A006026F2 /* Build configuration list for PBXNativeTarget "Hello WorldTests" */ = {
			isa = XCConfigurationList;
			buildConfigurations = (
				4DC112CB1C73DF8A006026F2 /* Debug */,
				4DC112CC1C73DF8A006026F2 /* Release */,
			);
			defaultConfigurationIsVisible = 0;
		};
/* End XCConfigurationList section */

/* Begin XCVersionGroup section */
		4DC112AB1C73DF7E006026F2 /* Hello_World.xcdatamodeld */ = {
			isa = XCVersionGroup;
			children = (
				4DC112AC1C73DF7E006026F2 /* Hello_World.xcdatamodel */,
			);
			currentVersion = 4DC112AC1C73DF7E006026F2 /* Hello_World.xcdatamodel */;
			path = Hello_World.xcdatamodeld;
			sourceTree = "<group>";
			versionGroupType = wrapper.xcdatamodel;
		};
/* End XCVersionGroup section */
	};
	rootObject = 4DC112991C73DF7B006026F2 /* Project object */;
}
